{
    "_readme": [
        "This file locks the dependencies of your project to a known state",
        "Read more about it at https://getcomposer.org/doc/01-basic-usage.md#composer-lock-the-lock-file",
        "This file is @generated automatically"
    ],
    "hash": "79c4264e6b304cbe0650289bf1d9a368",
    "content-hash": "ba33854a6c48a8fa1b3dc65cc2a5667a",
    "packages": [
        {
            "name": "chrisboulton/php-resque",
            "version": "1.2",
            "source": {
                "type": "git",
                "url": "https://github.com/chrisboulton/php-resque.git",
                "reference": "0549d6c88a4aed934655b7c03b6153349d6c3ad0"
            },
            "dist": {
                "type": "zip",
                "url": "https://api.github.com/repos/chrisboulton/php-resque/zipball/0549d6c88a4aed934655b7c03b6153349d6c3ad0",
                "reference": "0549d6c88a4aed934655b7c03b6153349d6c3ad0",
                "shasum": ""
            },
            "require": {
                "php": ">=5.3.0"
            },
            "type": "library",
            "autoload": {
                "psr-0": {
                    "Resque": "lib"
                }
            },
            "notification-url": "https://packagist.org/downloads/",
            "license": [
                "MIT"
            ],
            "authors": [
                {
                    "name": "Chris Boulton",
                    "email": "chris@bigcommerce.com"
                }
            ],
            "description": "Redis backed library for creating background jobs and processing them later. Based on resque for Ruby.",
            "homepage": "http://www.github.com/chrisboulton/php-resque/",
            "keywords": [
                "background",
                "job",
                "redis",
                "resque"
            ],
            "time": "2012-10-13 07:28:16"
        },
        {
            "name": "chrisboulton/php-resque-scheduler",
            "version": "1.1",
            "source": {
                "type": "git",
                "url": "https://github.com/chrisboulton/php-resque-scheduler.git",
                "reference": "f4b8f1409d640051d34f92d921ceb2bcdc2133cf"
            },
            "dist": {
                "type": "zip",
                "url": "https://api.github.com/repos/chrisboulton/php-resque-scheduler/zipball/f4b8f1409d640051d34f92d921ceb2bcdc2133cf",
                "reference": "f4b8f1409d640051d34f92d921ceb2bcdc2133cf",
                "shasum": ""
            },
            "require": {
                "chrisboulton/php-resque": "< 1.3"
            },
            "type": "library",
            "autoload": {
                "psr-0": {
                    "ResqueScheduler": "lib/"
                }
            },
            "notification-url": "https://packagist.org/downloads/",
            "authors": [
                {
                    "name": "Chris Boulton",
                    "email": "chris@bgigcommerce.com"
                }
            ],
            "description": "php-resque-scheduler is a PHP port of resque-scheduler, which adds support for scheduling items in the future to Resque.",
            "time": "2013-03-10 21:53:45"
        },
        {
            "name": "composer/installers",
            "version": "v1.0.25",
            "source": {
                "type": "git",
                "url": "https://github.com/composer/installers.git",
                "reference": "36e5b5843203d7f1cf6ffb0305a97e014387bd8e"
            },
            "dist": {
                "type": "zip",
                "url": "https://api.github.com/repos/composer/installers/zipball/36e5b5843203d7f1cf6ffb0305a97e014387bd8e",
                "reference": "36e5b5843203d7f1cf6ffb0305a97e014387bd8e",
                "shasum": ""
            },
            "require": {
                "composer-plugin-api": "^1.0"
            },
            "replace": {
                "roundcube/plugin-installer": "*",
                "shama/baton": "*"
            },
            "require-dev": {
                "composer/composer": "1.0.*@dev",
                "phpunit/phpunit": "4.1.*"
            },
            "type": "composer-plugin",
            "extra": {
                "class": "Composer\\Installers\\Plugin",
                "branch-alias": {
                    "dev-master": "1.0-dev"
                }
            },
            "autoload": {
                "psr-4": {
                    "Composer\\Installers\\": "src/Composer/Installers"
                }
            },
            "notification-url": "https://packagist.org/downloads/",
            "license": [
                "MIT"
            ],
            "authors": [
                {
                    "name": "Kyle Robinson Young",
                    "email": "kyle@dontkry.com",
                    "homepage": "https://github.com/shama"
                }
            ],
            "description": "A multi-framework Composer library installer",
            "homepage": "https://composer.github.io/installers/",
            "keywords": [
                "Craft",
                "Dolibarr",
                "Hurad",
                "ImageCMS",
                "MODX Evo",
                "Mautic",
                "OXID",
                "SMF",
                "Thelia",
                "WolfCMS",
                "agl",
                "aimeos",
                "annotatecms",
                "bitrix",
                "cakephp",
                "chef",
                "codeigniter",
                "concrete5",
                "croogo",
                "dokuwiki",
                "drupal",
                "elgg",
                "fuelphp",
                "grav",
                "installer",
                "joomla",
                "kohana",
                "laravel",
                "lithium",
                "magento",
                "mako",
                "mediawiki",
                "modulework",
                "moodle",
                "phpbb",
                "piwik",
                "ppi",
                "puppet",
                "roundcube",
                "shopware",
                "silverstripe",
                "symfony",
                "typo3",
                "wordpress",
                "zend",
                "zikula"
            ],
            "time": "2016-04-13 19:46:30"
        },
        {
            "name": "davidbarratt/custom-installer",
            "version": "1.0.0-alpha2",
            "source": {
                "type": "git",
                "url": "https://github.com/davidbarratt/custom-installer.git",
                "reference": "90009113204b8b6257ead91866cc5cddc6876834"
            },
            "dist": {
                "type": "zip",
                "url": "https://api.github.com/repos/davidbarratt/custom-installer/zipball/90009113204b8b6257ead91866cc5cddc6876834",
                "reference": "90009113204b8b6257ead91866cc5cddc6876834",
                "shasum": ""
            },
            "require": {
                "composer-plugin-api": "~1.0"
            },
            "require-dev": {
                "composer/composer": "~1.0@dev",
                "phpunit/phpunit": "~4.1",
                "squizlabs/php_codesniffer": "~2.5"
            },
            "type": "composer-plugin",
            "extra": {
                "class": "DavidBarratt\\CustomInstaller\\CustomInstallerPlugin"
            },
            "autoload": {
                "psr-4": {
                    "DavidBarratt\\CustomInstaller\\": "src"
                }
            },
            "notification-url": "https://packagist.org/downloads/",
            "license": [
                "Apache-2.0"
            ],
            "description": "Install custom types into custom locations.",
            "homepage": "https://github.com/davidbarratt/custom-installer",
            "time": "2016-01-23 14:33:27"
        },
        {
            "name": "errorstudio/rooftop-hosted-hooks",
            "version": "dev-development",
            "source": {
                "type": "git",
                "url": "git@bitbucket.org:errorstudio/rooftop-hosted-hooks.git",
                "reference": "3255b200ed46a84c9883869d2fb7bbdbd5150c1b"
            },
            "type": "wordpress-muplugin",
            "license": [
                "GPL-3.0"
            ],
            "authors": [
                {
                    "name": "Rooftop CMS",
                    "email": "hello@rooftopcms.com"
                }
            ],
            "description": "A place for the hosted Rooftop install to run its hooks and WP network events",
            "time": "2017-09-01 12:03:18"
        },
        {
            "name": "icanboogie/inflector",
            "version": "v1.3.3",
            "source": {
                "type": "git",
                "url": "https://github.com/ICanBoogie/Inflector.git",
                "reference": "953f6f9d0d6d27c972808f2a78a7899244450ac1"
            },
            "require": {
                "ext-mbstring": "*",
                "php": ">=5.3.4"
            },
            "type": "library",
            "autoload": {
                "classmap": [
                    "lib/"
                ],
                "files": [
                    "lib/helpers.php"
                ]
            },
            "license": [
                "BSD-3-Clause"
            ],
            "authors": [
                {
                    "name": "Olivier Laviale",
                    "email": "olivier.laviale@gmail.com",
                    "homepage": "http://www.weirdog.com/",
                    "role": "Developer"
                }
            ],
            "description": "Multilingual inflector that transforms words from singular to plural, underscore to camel case, and more.",
            "homepage": "http://icanboogie.org/",
            "keywords": [
                "camelize",
                "hyphenate",
                "inflect",
                "multilingual",
                "pluralize",
                "singularize",
                "underscore"
            ],
            "support": {
                "issues": "https://github.com/ICanBoogie/Inflector/issues",
                "source": "https://github.com/ICanBoogie/Inflector"
            },
            "time": "2015-08-18 20:13:36"
        },
        {
            "name": "johnpbloch/wordpress",
            "version": "4.8.2",
            "source": {
                "type": "git",
                "url": "https://github.com/johnpbloch/wordpress.git",
                "reference": "d500aae1793990e4874cf794b6cf88ce60a38918"
            },
            "dist": {
                "type": "zip",
                "url": "https://api.github.com/repos/johnpbloch/wordpress/zipball/d500aae1793990e4874cf794b6cf88ce60a38918",
                "reference": "d500aae1793990e4874cf794b6cf88ce60a38918",
                "shasum": ""
            },
            "require": {
                "johnpbloch/wordpress-core": "4.8.2",
                "johnpbloch/wordpress-core-installer": "^1.0",
                "php": ">=5.3.2"
            },
            "type": "package",
            "notification-url": "https://packagist.org/downloads/",
            "license": [
                "GPL-2.0+"
            ],
            "authors": [
                {
                    "name": "WordPress Community",
                    "homepage": "http://wordpress.org/about/"
                }
            ],
            "description": "WordPress is web software you can use to create a beautiful website or blog.",
            "homepage": "http://wordpress.org/",
            "keywords": [
                "blog",
                "cms",
                "wordpress"
            ],
            "time": "2017-09-19 22:27:16"
        },
        {
            "name": "johnpbloch/wordpress-core",
            "version": "4.8.2",
            "source": {
                "type": "git",
                "url": "https://github.com/johnpbloch/wordpress-core.git",
                "reference": "706faa0d7b6b57a25d4acd18331dd71dfa6b01cf"
            },
            "dist": {
                "type": "zip",
                "url": "https://api.github.com/repos/johnpbloch/wordpress-core/zipball/706faa0d7b6b57a25d4acd18331dd71dfa6b01cf",
                "reference": "706faa0d7b6b57a25d4acd18331dd71dfa6b01cf",
                "shasum": ""
            },
            "require": {
                "php": ">=5.3.2"
            },
            "provide": {
                "wordpress/core-implementation": "4.8.2"
            },
            "type": "wordpress-core",
            "notification-url": "https://packagist.org/downloads/",
            "license": [
                "GPL-2.0+"
            ],
            "authors": [
                {
                    "name": "WordPress Community",
                    "homepage": "http://wordpress.org/about/"
                }
            ],
            "description": "WordPress is web software you can use to create a beautiful website or blog.",
            "homepage": "http://wordpress.org/",
            "keywords": [
                "blog",
                "cms",
                "wordpress"
            ],
            "time": "2017-09-19 22:27:11"
        },
        {
            "name": "johnpbloch/wordpress-core-installer",
            "version": "1.0.0",
            "source": {
                "type": "git",
                "url": "https://github.com/johnpbloch/wordpress-core-installer.git",
                "reference": "e9e767f2d9f994f358c34b41def2c410ad8717f2"
            },
            "dist": {
                "type": "zip",
                "url": "https://api.github.com/repos/johnpbloch/wordpress-core-installer/zipball/e9e767f2d9f994f358c34b41def2c410ad8717f2",
                "reference": "e9e767f2d9f994f358c34b41def2c410ad8717f2",
                "shasum": ""
            },
            "require": {
                "composer-plugin-api": "^1.0"
            },
            "conflict": {
                "composer/installers": "<1.0.6"
            },
            "require-dev": {
                "composer/composer": "^1.0",
                "phpunit/phpunit": ">=4.8.35"
            },
            "type": "composer-plugin",
            "extra": {
                "class": "johnpbloch\\Composer\\WordPressCorePlugin"
            },
            "autoload": {
                "psr-0": {
                    "johnpbloch\\Composer\\": "src/"
                }
            },
            "notification-url": "https://packagist.org/downloads/",
            "license": [
                "GPL-2.0+"
            ],
            "authors": [
                {
                    "name": "John P. Bloch",
                    "email": "me@johnpbloch.com"
                }
            ],
            "description": "A custom installer to handle deploying WordPress with composer",
            "keywords": [
                "wordpress"
            ],
            "time": "2017-05-31 18:42:33"
        },
        {
            "name": "predis/predis",
            "version": "v1.0.4",
            "source": {
                "type": "git",
                "url": "https://github.com/nrk/predis.git",
                "reference": "9ead747663bb1b1ae017dfa0d152aca87792b42f"
            },
            "dist": {
                "type": "zip",
                "url": "https://api.github.com/repos/nrk/predis/zipball/9ead747663bb1b1ae017dfa0d152aca87792b42f",
                "reference": "9ead747663bb1b1ae017dfa0d152aca87792b42f",
                "shasum": ""
            },
            "require": {
                "php": ">=5.3.2"
            },
            "require-dev": {
                "phpunit/phpunit": "~4.8"
            },
            "suggest": {
                "ext-curl": "Allows access to Webdis when paired with phpiredis",
                "ext-phpiredis": "Allows faster serialization and deserialization of the Redis protocol"
            },
            "type": "library",
            "autoload": {
                "psr-4": {
                    "Predis\\": "src/"
                }
            },
            "notification-url": "https://packagist.org/downloads/",
            "license": [
                "MIT"
            ],
            "authors": [
                {
                    "name": "Daniele Alessandri",
                    "email": "suppakilla@gmail.com",
                    "homepage": "http://clorophilla.net"
                }
            ],
            "description": "Flexible and feature-complete Redis client for PHP and HHVM",
            "homepage": "http://github.com/nrk/predis",
            "keywords": [
                "nosql",
                "predis",
                "redis"
            ],
            "time": "2016-05-30 15:25:52"
        },
        {
            "name": "rollbar/rollbar",
            "version": "v0.18.2",
            "source": {
                "type": "git",
                "url": "https://github.com/rollbar/rollbar-php.git",
                "reference": "fafe13f8beb669d6bba0137f3703fa808d50cbb7"
            },
            "dist": {
                "type": "zip",
                "url": "https://api.github.com/repos/rollbar/rollbar-php/zipball/fafe13f8beb669d6bba0137f3703fa808d50cbb7",
                "reference": "fafe13f8beb669d6bba0137f3703fa808d50cbb7",
                "shasum": ""
            },
            "require": {
                "ext-curl": "*"
            },
            "require-dev": {
                "mockery/mockery": "0.9.*",
                "phpunit/phpunit": "4.5.*"
            },
            "type": "library",
            "autoload": {
                "classmap": [
                    "src/Level.php",
                    "src/rollbar.php"
                ]
            },
            "notification-url": "https://packagist.org/downloads/",
            "license": [
                "MIT"
            ],
            "authors": [
                {
                    "name": "Rollbar, Inc.",
                    "email": "support@rollbar.com",
                    "role": "Developer"
                }
            ],
            "description": "Monitors errors and exceptions and reports them to Rollbar",
            "homepage": "http://github.com/rollbar/rollbar-php",
            "keywords": [
                "debugging",
                "errors",
                "exceptions",
                "logging",
                "monitoring"
            ],
            "time": "2016-07-05 15:50:29"
        },
        {
            "name": "rooftopcms/rooftop-acf-exposer",
            "version": "1.2.1",
            "source": {
                "type": "git",
                "url": "https://github.com/rooftopcms/rooftop-acf-exposer.git",
                "reference": "1c3fcb0834714a8e10afae0df671439ead5ff331"
            },
            "dist": {
                "type": "zip",
                "url": "https://api.github.com/repos/rooftopcms/rooftop-acf-exposer/zipball/1c3fcb0834714a8e10afae0df671439ead5ff331",
                "reference": "1c3fcb0834714a8e10afae0df671439ead5ff331",
                "shasum": ""
            },
            "require": {
                "wpackagist-plugin/advanced-custom-fields": "4.4.8"
            },
            "type": "wordpress-muplugin",
            "notification-url": "https://packagist.org/downloads/",
            "license": [
                "GPL-3.0"
            ],
            "authors": [
                {
                    "name": "Rooftop CMS",
                    "email": "hello@rooftopcms.com"
                }
            ],
            "description": "Include the ACF fields in a post response",
            "time": "2017-09-01 12:03:15"
        },
        {
            "name": "rooftopcms/rooftop-admin-theme",
            "version": "1.2.1",
            "source": {
                "type": "git",
                "url": "https://github.com/rooftopcms/rooftop-admin-theme.git",
                "reference": "d5005552159f0cf70018c4966d49573047ff23ac"
            },
            "dist": {
                "type": "zip",
                "url": "https://api.github.com/repos/rooftopcms/rooftop-admin-theme/zipball/d5005552159f0cf70018c4966d49573047ff23ac",
                "reference": "d5005552159f0cf70018c4966d49573047ff23ac",
                "shasum": ""
            },
            "type": "wordpress-muplugin",
            "notification-url": "https://packagist.org/downloads/",
            "license": [
                "GPL-3.0"
            ],
            "authors": [
                {
                    "name": "Rooftop CMS",
                    "email": "hello@rooftopcms.com"
                }
            ],
            "description": "Authenticates requests to the API",
            "time": "2017-09-01 12:03:17"
        },
        {
            "name": "rooftopcms/rooftop-api-authentication",
            "version": "1.2.1",
            "source": {
                "type": "git",
                "url": "https://github.com/rooftopcms/rooftop-api-authentication.git",
                "reference": "f00c4bc51764b15f4359b1e4402c78206b844b9f"
            },
            "dist": {
                "type": "zip",
                "url": "https://api.github.com/repos/rooftopcms/rooftop-api-authentication/zipball/f00c4bc51764b15f4359b1e4402c78206b844b9f",
                "reference": "f00c4bc51764b15f4359b1e4402c78206b844b9f",
                "shasum": ""
            },
            "type": "wordpress-muplugin",
            "notification-url": "https://packagist.org/downloads/",
            "license": [
                "GPL-3.0"
            ],
            "authors": [
                {
                    "name": "Rooftop CMS",
                    "email": "hello@rooftopcms.com"
                }
            ],
            "description": "Authenticates requests to the API",
            "time": "2017-09-01 12:03:17"
        },
        {
            "name": "rooftopcms/rooftop-content-fields",
            "version": "1.2.1",
            "source": {
                "type": "git",
                "url": "https://github.com/rooftopcms/rooftop-content-fields.git",
                "reference": "9e3da53df2ddfd302c020d91b68de1c53f769504"
            },
            "dist": {
                "type": "zip",
                "url": "https://api.github.com/repos/rooftopcms/rooftop-content-fields/zipball/9e3da53df2ddfd302c020d91b68de1c53f769504",
                "reference": "9e3da53df2ddfd302c020d91b68de1c53f769504",
                "shasum": ""
            },
            "type": "wordpress-muplugin",
            "notification-url": "https://packagist.org/downloads/",
            "license": [
                "GPL-3.0"
            ],
            "authors": [
                {
                    "name": "Rooftop CMS",
                    "email": "hello@rooftopcms.com"
                }
            ],
            "description": "Include the additional fields in a response",
            "time": "2017-09-01 12:03:17"
        },
        {
            "name": "rooftopcms/rooftop-content-hierarchy",
            "version": "1.2.1",
            "source": {
                "type": "git",
                "url": "https://github.com/rooftopcms/rooftop-content-hierarchy.git",
                "reference": "6b88616241e6ba4b1661dd9026c6a7df6628b7d3"
            },
            "dist": {
                "type": "zip",
                "url": "https://api.github.com/repos/rooftopcms/rooftop-content-hierarchy/zipball/6b88616241e6ba4b1661dd9026c6a7df6628b7d3",
                "reference": "6b88616241e6ba4b1661dd9026c6a7df6628b7d3",
                "shasum": ""
            },
            "type": "wordpress-muplugin",
            "notification-url": "https://packagist.org/downloads/",
            "license": [
                "GPL-3.0"
            ],
            "authors": [
                {
                    "name": "Rooftop CMS",
                    "email": "hello@rooftopcms.com"
                }
            ],
            "description": "Include the content hierarchy for a given post in its JSON response",
            "time": "2017-09-01 12:03:17"
        },
        {
            "name": "rooftopcms/rooftop-content-settings",
            "version": "1.2.1",
            "source": {
                "type": "git",
                "url": "https://github.com/rooftopcms/rooftop-content-settings.git",
                "reference": "85246b485290704312ecfd2925a60c34926d2afa"
            },
            "dist": {
                "type": "zip",
                "url": "https://api.github.com/repos/rooftopcms/rooftop-content-settings/zipball/85246b485290704312ecfd2925a60c34926d2afa",
                "reference": "85246b485290704312ecfd2925a60c34926d2afa",
                "shasum": ""
            },
            "type": "wordpress-muplugin",
            "notification-url": "https://packagist.org/downloads/",
            "license": [
                "GPL-3.0"
            ],
            "authors": [
                {
                    "name": "Rooftop CMS",
                    "email": "hello@rooftopcms.com"
                }
            ],
            "description": "Change some site defaults and the example content when a sub-site is created",
            "time": "2017-09-01 12:03:18"
        },
        {
            "name": "rooftopcms/rooftop-custom-content-setup",
            "version": "1.2.1",
            "source": {
                "type": "git",
                "url": "https://github.com/rooftopcms/rooftop-custom-content-setup.git",
                "reference": "7efc55de7422e119030770d2b13863dcdb840b87"
            },
            "dist": {
                "type": "zip",
                "url": "https://api.github.com/repos/rooftopcms/rooftop-custom-content-setup/zipball/7efc55de7422e119030770d2b13863dcdb840b87",
                "reference": "7efc55de7422e119030770d2b13863dcdb840b87",
                "shasum": ""
            },
            "type": "wordpress-muplugin",
            "notification-url": "https://packagist.org/downloads/",
            "license": [
                "GPL-3.0"
            ],
            "authors": [
                {
                    "name": "Rooftop CMS",
                    "email": "hello@rooftopcms.com"
                }
            ],
            "description": "Add custom content types, taxonomies and page templates",
            "time": "2017-09-01 12:03:18"
        },
        {
            "name": "rooftopcms/rooftop-events",
            "version": "1.2.1",
            "source": {
                "type": "git",
                "url": "https://github.com/rooftopcms/rooftop-events.git",
                "reference": "9d786c00185c986a68b5b2fbe78ff398db9b797e"
            },
            "dist": {
                "type": "zip",
                "url": "https://api.github.com/repos/rooftopcms/rooftop-events/zipball/9d786c00185c986a68b5b2fbe78ff398db9b797e",
                "reference": "9d786c00185c986a68b5b2fbe78ff398db9b797e",
                "shasum": ""
            },
            "require": {
                "composer/installers": "~1.0"
            },
            "type": "wordpress-plugin",
            "notification-url": "https://packagist.org/downloads/",
            "license": [
                "GPL-3.0"
            ],
            "authors": [
                {
                    "name": "Rooftop CMS",
                    "email": "hello@rooftopcms.com"
                }
            ],
            "description": "Authenticates requests to the API",
            "time": "2017-09-01 11:57:07"
        },
        {
            "name": "rooftopcms/rooftop-gravityforms-exposer",
            "version": "1.2.1",
            "source": {
                "type": "git",
                "url": "https://github.com/rooftopcms/rooftop-gravityforms-exposer.git",
                "reference": "031e49c30b0d302d00c3629ece55b4f5e77aeefd"
            },
            "dist": {
                "type": "zip",
                "url": "https://api.github.com/repos/rooftopcms/rooftop-gravityforms-exposer/zipball/031e49c30b0d302d00c3629ece55b4f5e77aeefd",
                "reference": "031e49c30b0d302d00c3629ece55b4f5e77aeefd",
                "shasum": ""
            },
            "type": "wordpress-muplugin",
            "notification-url": "https://packagist.org/downloads/",
            "license": [
                "GPL-3.0"
            ],
            "authors": [
                {
                    "name": "Rooftop CMS",
                    "email": "hello@rooftopcms.com"
                }
            ],
            "description": "Authenticates requests to the API",
            "time": "2017-09-01 12:03:18"
        },
        {
            "name": "rooftopcms/rooftop-network-settings",
            "version": "1.2.1",
            "source": {
                "type": "git",
                "url": "https://github.com/rooftopcms/rooftop-network-settings.git",
                "reference": "dcfd32c6e68704c5b2d4467d9807021e57658ee8"
            },
            "dist": {
                "type": "zip",
                "url": "https://api.github.com/repos/rooftopcms/rooftop-network-settings/zipball/dcfd32c6e68704c5b2d4467d9807021e57658ee8",
                "reference": "dcfd32c6e68704c5b2d4467d9807021e57658ee8",
                "shasum": ""
            },
            "require": {
                "composer/installers": "~1.0"
            },
            "type": "wordpress-muplugin",
            "notification-url": "https://packagist.org/downloads/",
            "license": [
                "GPL-3.0"
            ],
            "authors": [
                {
                    "name": "Rooftop CMS",
                    "email": "hello@rooftopcms.com"
                }
            ],
            "description": "Network-level admin interface for adding Google Tag Manager config",
            "time": "2017-09-01 12:03:18"
        },
        {
            "name": "rooftopcms/rooftop-preview-mode-admin",
            "version": "1.2.1",
            "source": {
                "type": "git",
                "url": "https://github.com/rooftopcms/rooftop-preview-mode-admin.git",
                "reference": "76233fff08ec21387349693ad9ee775de7bffe6e"
            },
            "dist": {
                "type": "zip",
                "url": "https://api.github.com/repos/rooftopcms/rooftop-preview-mode-admin/zipball/76233fff08ec21387349693ad9ee775de7bffe6e",
                "reference": "76233fff08ec21387349693ad9ee775de7bffe6e",
                "shasum": ""
            },
            "require": {
                "composer/installers": "~1.0"
            },
            "type": "wordpress-plugin",
            "notification-url": "https://packagist.org/downloads/",
            "license": [
                "GPL-3.0"
            ],
            "authors": [
                {
                    "name": "Rooftop CMS",
                    "email": "hello@rooftopcms.com"
                }
            ],
            "description": "Detect whether a client is making a request in preview mode and define a constant accordingly",
            "time": "2017-09-01 11:57:08"
        },
        {
            "name": "rooftopcms/rooftop-queue-pusher",
            "version": "1.2.1",
            "source": {
                "type": "git",
                "url": "https://github.com/rooftopcms/rooftop-queue-pusher.git",
                "reference": "4100d4d559fd539b8b5b39b9d03ca9e894c6570f"
            },
            "dist": {
                "type": "zip",
                "url": "https://api.github.com/repos/rooftopcms/rooftop-queue-pusher/zipball/4100d4d559fd539b8b5b39b9d03ca9e894c6570f",
                "reference": "4100d4d559fd539b8b5b39b9d03ca9e894c6570f",
                "shasum": ""
            },
            "require": {
                "chrisboulton/php-resque": "1.2.x",
                "chrisboulton/php-resque-scheduler": "1.1"
            },
            "type": "wordpress-muplugin",
            "notification-url": "https://packagist.org/downloads/",
            "license": [
                "GPL-3.0"
            ],
            "authors": [
                {
                    "name": "Rooftop CMS",
                    "email": "hello@rooftopcms.com"
                }
            ],
            "description": "Hook into WP post events to push events onto a queue",
            "time": "2017-09-01 12:03:21"
        },
        {
            "name": "rooftopcms/rooftop-request-parser",
            "version": "1.2.1",
            "source": {
                "type": "git",
                "url": "https://github.com/rooftopcms/rooftop-request-parser.git",
                "reference": "af98116c5734c3278ef5ae098b44460cb485689e"
            },
            "dist": {
                "type": "zip",
                "url": "https://api.github.com/repos/rooftopcms/rooftop-request-parser/zipball/af98116c5734c3278ef5ae098b44460cb485689e",
                "reference": "af98116c5734c3278ef5ae098b44460cb485689e",
                "shasum": ""
            },
            "type": "wordpress-muplugin",
            "notification-url": "https://packagist.org/downloads/",
            "license": [
                "GPL-3.0"
            ],
            "authors": [
                {
                    "name": "Rooftop CMS",
                    "email": "hello@rooftopcms.com"
                }
            ],
            "description": "Manipulate the REST request or server variables to alter queries or remove/change default params",
            "time": "2017-09-01 12:03:24"
        },
        {
            "name": "rooftopcms/rooftop-resource-metadata",
            "version": "1.2.1",
            "source": {
                "type": "git",
                "url": "https://github.com/rooftopcms/rooftop-resource-metadata.git",
                "reference": "679b7ab50663b21fbf78f4c370e1c5c6fcffc506"
            },
            "dist": {
                "type": "zip",
                "url": "https://api.github.com/repos/rooftopcms/rooftop-resource-metadata/zipball/679b7ab50663b21fbf78f4c370e1c5c6fcffc506",
                "reference": "679b7ab50663b21fbf78f4c370e1c5c6fcffc506",
                "shasum": ""
            },
            "type": "wordpress-muplugin",
            "notification-url": "https://packagist.org/downloads/",
            "license": [
                "GPL-3.0"
            ],
            "authors": [
                {
                    "name": "Rooftop CMS",
                    "email": "hello@rooftopcms.com"
                }
            ],
            "description": "Include the custom post metadata in the responses, under a post-type specific key",
            "time": "2017-09-01 12:03:26"
        },
        {
            "name": "rooftopcms/rooftop-response-headers",
            "version": "1.2.2",
            "source": {
                "type": "git",
                "url": "https://github.com/rooftopcms/rooftop-response-headers.git",
                "reference": "90bc56ece18172e6a9e73dd92cd3bba67e69b866"
            },
            "dist": {
                "type": "zip",
                "url": "https://api.github.com/repos/rooftopcms/rooftop-response-headers/zipball/90bc56ece18172e6a9e73dd92cd3bba67e69b866",
                "reference": "90bc56ece18172e6a9e73dd92cd3bba67e69b866",
                "shasum": ""
            },
            "require": {
                "predis/predis": "~1.0.3"
            },
            "type": "wordpress-muplugin",
            "notification-url": "https://packagist.org/downloads/",
            "license": [
                "GPL-3.0"
            ],
            "authors": [
                {
                    "name": "Rooftop CMS",
                    "email": "hello@rooftopcms.com"
                }
            ],
            "description": "Send additional headers to API requests",
            "time": "2017-09-20 09:58:52"
        },
        {
            "name": "rooftopcms/rooftop-response-sanitiser",
            "version": "1.2.1",
            "source": {
                "type": "git",
                "url": "https://github.com/rooftopcms/rooftop-response-sanitiser.git",
                "reference": "84f35918ee377195b064eb484da383317a0907b8"
            },
            "dist": {
                "type": "zip",
                "url": "https://api.github.com/repos/rooftopcms/rooftop-response-sanitiser/zipball/84f35918ee377195b064eb484da383317a0907b8",
                "reference": "84f35918ee377195b064eb484da383317a0907b8",
                "shasum": ""
            },
            "type": "wordpress-muplugin",
            "notification-url": "https://packagist.org/downloads/",
            "license": [
                "GPL-3.0"
            ],
            "authors": [
                {
                    "name": "Rooftop CMS",
                    "email": "hello@rooftopcms.com"
                }
            ],
            "description": "The awesome WP-API includes some things in its response that we would rather handle in the client.For example, we remove content['rendered'] and replace with content['json'] with links replaced with shortcodes.",
            "time": "2017-09-01 12:03:26"
        },
        {
            "name": "rooftopcms/rooftop-s3-upload-setup",
            "version": "1.2.1.1",
            "source": {
                "type": "git",
                "url": "https://github.com/rooftopcms/rooftop-s3-upload-setup.git",
                "reference": "91a9e445dd5b16f5506ea9c1a5fd3cff04a01ea7"
            },
            "dist": {
                "type": "zip",
                "url": "https://api.github.com/repos/rooftopcms/rooftop-s3-upload-setup/zipball/91a9e445dd5b16f5506ea9c1a5fd3cff04a01ea7",
                "reference": "91a9e445dd5b16f5506ea9c1a5fd3cff04a01ea7",
                "shasum": ""
            },
            "require": {
                "wpackagist-plugin/amazon-s3-and-cloudfront": "0.9.12"
            },
            "type": "wordpress-muplugin",
            "notification-url": "https://packagist.org/downloads/",
            "license": [
                "GPL-3.0"
            ],
            "authors": [
                {
                    "name": "Rooftop CMS",
                    "email": "hello@rooftopcms.com"
                }
            ],
            "description": "Allows sites in a network to define their own S3 credentials",
            "time": "2017-09-12 21:02:15"
        },
        {
            "name": "rooftopcms/rooftop-theme",
            "version": "1.2.2",
            "source": {
                "type": "git",
                "url": "https://github.com/rooftopcms/rooftop-theme.git",
                "reference": "5d6e2f8615233e76d3af68321ce711da2530b460"
            },
            "dist": {
                "type": "zip",
                "url": "https://api.github.com/repos/rooftopcms/rooftop-theme/zipball/5d6e2f8615233e76d3af68321ce711da2530b460",
                "reference": "5d6e2f8615233e76d3af68321ce711da2530b460",
                "shasum": ""
            },
            "type": "wordpress-theme",
            "notification-url": "https://packagist.org/downloads/",
            "license": [
                "GPL-3.0"
            ],
            "authors": [
                {
                    "name": "Rooftop CMS",
                    "email": "hello@rooftopcms.com"
                }
            ],
            "description": "Appearance and menu options",
            "time": "2017-09-20 10:31:06"
        },
        {
            "name": "rooftopcms/rooftop-webhooks-admin",
            "version": "1.2.1",
            "source": {
                "type": "git",
                "url": "https://github.com/rooftopcms/rooftop-webhooks-admin.git",
                "reference": "27ec027f8332d13e26f9e2f1d2f031b647f0199f"
            },
            "dist": {
                "type": "zip",
                "url": "https://api.github.com/repos/rooftopcms/rooftop-webhooks-admin/zipball/27ec027f8332d13e26f9e2f1d2f031b647f0199f",
                "reference": "27ec027f8332d13e26f9e2f1d2f031b647f0199f",
                "shasum": ""
            },
            "type": "wordpress-muplugin",
            "notification-url": "https://packagist.org/downloads/",
            "license": [
                "GPL-3.0"
            ],
            "authors": [
                {
                    "name": "Error",
                    "email": "hello@rooftopcms.com"
                }
            ],
            "description": "Configure the webhook URI's",
            "time": "2017-09-01 12:03:26"
        },
        {
            "name": "vlucas/phpdotenv",
            "version": "v2.4.0",
            "source": {
                "type": "git",
                "url": "https://github.com/vlucas/phpdotenv.git",
                "reference": "3cc116adbe4b11be5ec557bf1d24dc5e3a21d18c"
            },
            "dist": {
                "type": "zip",
                "url": "https://api.github.com/repos/vlucas/phpdotenv/zipball/3cc116adbe4b11be5ec557bf1d24dc5e3a21d18c",
                "reference": "3cc116adbe4b11be5ec557bf1d24dc5e3a21d18c",
                "shasum": ""
            },
            "require": {
                "php": ">=5.3.9"
            },
            "require-dev": {
                "phpunit/phpunit": "^4.8 || ^5.0"
            },
            "type": "library",
            "extra": {
                "branch-alias": {
                    "dev-master": "2.4-dev"
                }
            },
            "autoload": {
                "psr-4": {
                    "Dotenv\\": "src/"
                }
            },
            "notification-url": "https://packagist.org/downloads/",
            "license": [
                "BSD-3-Clause-Attribution"
            ],
            "authors": [
                {
                    "name": "Vance Lucas",
                    "email": "vance@vancelucas.com",
                    "homepage": "http://www.vancelucas.com"
                }
            ],
            "description": "Loads environment variables from `.env` to `getenv()`, `$_ENV` and `$_SERVER` automagically.",
            "keywords": [
                "dotenv",
                "env",
                "environment"
            ],
            "time": "2016-09-01 10:05:43"
        },
        {
            "name": "wpackagist-plugin/advanced-custom-fields",
            "version": "4.4.8",
            "source": {
                "type": "svn",
                "url": "https://plugins.svn.wordpress.org/advanced-custom-fields/",
                "reference": "tags/4.4.8"
            },
            "dist": {
                "type": "zip",
                "url": "https://downloads.wordpress.org/plugin/advanced-custom-fields.4.4.8.zip",
                "reference": null,
                "shasum": null
            },
            "require": {
                "composer/installers": "~1.0"
            },
            "type": "wordpress-plugin",
            "homepage": "https://wordpress.org/plugins/advanced-custom-fields/"
        },
        {
            "name": "wpackagist-plugin/amazon-s3-and-cloudfront",
            "version": "0.9.12",
            "source": {
                "type": "svn",
                "url": "https://plugins.svn.wordpress.org/amazon-s3-and-cloudfront/",
                "reference": "tags/0.9.12"
            },
            "dist": {
                "type": "zip",
                "url": "https://downloads.wordpress.org/plugin/amazon-s3-and-cloudfront.0.9.12.zip",
                "reference": null,
                "shasum": null
            },
            "require": {
                "composer/installers": "~1.0"
            },
            "type": "wordpress-plugin",
            "homepage": "https://wordpress.org/plugins/amazon-s3-and-cloudfront/"
        },
        {
            "name": "wpackagist-plugin/amazon-web-services",
            "version": "1.0.2",
            "source": {
                "type": "svn",
                "url": "https://plugins.svn.wordpress.org/amazon-web-services/",
                "reference": "tags/1.0.2"
            },
            "dist": {
                "type": "zip",
                "url": "https://downloads.wordpress.org/plugin/amazon-web-services.1.0.2.zip",
                "reference": null,
                "shasum": null
            },
            "require": {
                "composer/installers": "~1.0"
            },
            "type": "wordpress-plugin",
            "homepage": "https://wordpress.org/plugins/amazon-web-services/"
        },
        {
            "name": "wpackagist-plugin/duplicate-post",
            "version": "3.2",
            "source": {
                "type": "svn",
                "url": "https://plugins.svn.wordpress.org/duplicate-post/",
                "reference": "tags/3.2"
            },
            "dist": {
                "type": "zip",
                "url": "https://downloads.wordpress.org/plugin/duplicate-post.3.2.zip",
                "reference": null,
                "shasum": null
            },
            "require": {
                "composer/installers": "~1.0"
            },
            "type": "wordpress-plugin",
            "homepage": "https://wordpress.org/plugins/duplicate-post/"
        },
        {
            "name": "wpackagist-plugin/simple-custom-post-order",
            "version": "2.3.2",
            "source": {
                "type": "svn",
                "url": "https://plugins.svn.wordpress.org/simple-custom-post-order/",
                "reference": "trunk"
            },
            "dist": {
                "type": "zip",
                "url": "https://downloads.wordpress.org/plugin/simple-custom-post-order.zip?timestamp=1489777411",
                "reference": null,
                "shasum": null
            },
            "require": {
                "composer/installers": "~1.0"
            },
            "type": "wordpress-plugin",
            "homepage": "https://wordpress.org/plugins/simple-custom-post-order/"
        },
        {
            "name": "wpackagist-plugin/wp-api-menus",
            "version": "1.2.0",
            "source": {
                "type": "svn",
                "url": "https://plugins.svn.wordpress.org/wp-api-menus/",
                "reference": "tags/1.2.0"
            },
            "dist": {
                "type": "zip",
                "url": "https://downloads.wordpress.org/plugin/wp-api-menus.1.2.0.zip",
                "reference": null,
                "shasum": null
            },
            "require": {
                "composer/installers": "~1.0"
            },
            "type": "wordpress-plugin",
            "homepage": "https://wordpress.org/plugins/wp-api-menus/"
        }
    ],
    "packages-dev": [],
    "aliases": [],
    "minimum-stability": "stable",
    "stability-flags": {
        "davidbarratt/custom-installer": 20,
        "errorstudio/rooftop-hosted-hooks": 20
    },
    "prefer-stable": false,
    "prefer-lowest": false,
    "platform": {
        "php": ">=5.4"
    },
    "platform-dev": []
}
