{
    "_readme": [
        "This file locks the dependencies of your project to a known state",
        "Read more about it at http://getcomposer.org/doc/01-basic-usage.md#composer-lock-the-lock-file",
        "This file is @generated automatically"
    ],
    "hash": "fccca040d3c69f2f40153366008d6c0a",
    "packages": [
        {
            "name": "chrisboulton/php-resque",
            "version": "1.2",
            "source": {
                "type": "git",
                "url": "https://github.com/chrisboulton/php-resque.git",
                "reference": "0549d6c88a4aed934655b7c03b6153349d6c3ad0"
            },
            "dist": {
                "type": "zip",
                "url": "https://api.github.com/repos/chrisboulton/php-resque/zipball/0549d6c88a4aed934655b7c03b6153349d6c3ad0",
                "reference": "0549d6c88a4aed934655b7c03b6153349d6c3ad0",
                "shasum": ""
            },
            "require": {
                "php": ">=5.3.0"
            },
            "type": "library",
            "autoload": {
                "psr-0": {
                    "Resque": "lib"
                }
            },
            "notification-url": "https://packagist.org/downloads/",
            "license": [
                "MIT"
            ],
            "authors": [
                {
                    "name": "Chris Boulton",
                    "email": "chris@bigcommerce.com"
                }
            ],
            "description": "Redis backed library for creating background jobs and processing them later. Based on resque for Ruby.",
            "homepage": "http://www.github.com/chrisboulton/php-resque/",
            "keywords": [
                "background",
                "job",
                "redis",
                "resque"
            ],
            "time": "2012-10-13 07:28:16"
        },
        {
            "name": "chrisboulton/php-resque-scheduler",
            "version": "1.1",
            "source": {
                "type": "git",
                "url": "https://github.com/chrisboulton/php-resque-scheduler.git",
                "reference": "f4b8f1409d640051d34f92d921ceb2bcdc2133cf"
            },
            "dist": {
                "type": "zip",
                "url": "https://api.github.com/repos/chrisboulton/php-resque-scheduler/zipball/f4b8f1409d640051d34f92d921ceb2bcdc2133cf",
                "reference": "f4b8f1409d640051d34f92d921ceb2bcdc2133cf",
                "shasum": ""
            },
            "require": {
                "chrisboulton/php-resque": "< 1.3"
            },
            "type": "library",
            "autoload": {
                "psr-0": {
                    "ResqueScheduler": "lib/"
                }
            },
            "notification-url": "https://packagist.org/downloads/",
            "authors": [
                {
                    "name": "Chris Boulton",
                    "email": "chris@bgigcommerce.com"
                }
            ],
            "description": "php-resque-scheduler is a PHP port of resque-scheduler, which adds support for scheduling items in the future to Resque.",
            "time": "2013-03-10 21:53:45"
        },
        {
            "name": "composer/installers",
            "version": "v1.0.25",
            "source": {
                "type": "git",
                "url": "https://github.com/composer/installers.git",
                "reference": "36e5b5843203d7f1cf6ffb0305a97e014387bd8e"
            },
            "dist": {
                "type": "zip",
                "url": "https://api.github.com/repos/composer/installers/zipball/36e5b5843203d7f1cf6ffb0305a97e014387bd8e",
                "reference": "36e5b5843203d7f1cf6ffb0305a97e014387bd8e",
                "shasum": ""
            },
            "require": {
                "composer-plugin-api": "^1.0"
            },
            "replace": {
                "roundcube/plugin-installer": "*",
                "shama/baton": "*"
            },
            "require-dev": {
                "composer/composer": "1.0.*@dev",
                "phpunit/phpunit": "4.1.*"
            },
            "type": "composer-plugin",
            "extra": {
                "class": "Composer\\Installers\\Plugin",
                "branch-alias": {
                    "dev-master": "1.0-dev"
                }
            },
            "autoload": {
                "psr-4": {
                    "Composer\\Installers\\": "src/Composer/Installers"
                }
            },
            "notification-url": "https://packagist.org/downloads/",
            "license": [
                "MIT"
            ],
            "authors": [
                {
                    "name": "Kyle Robinson Young",
                    "email": "kyle@dontkry.com",
                    "homepage": "https://github.com/shama"
                }
            ],
            "description": "A multi-framework Composer library installer",
            "homepage": "https://composer.github.io/installers/",
            "keywords": [
                "Craft",
                "Dolibarr",
                "Hurad",
                "ImageCMS",
                "MODX Evo",
                "Mautic",
                "OXID",
                "SMF",
                "Thelia",
                "WolfCMS",
                "agl",
                "aimeos",
                "annotatecms",
                "bitrix",
                "cakephp",
                "chef",
                "codeigniter",
                "concrete5",
                "croogo",
                "dokuwiki",
                "drupal",
                "elgg",
                "fuelphp",
                "grav",
                "installer",
                "joomla",
                "kohana",
                "laravel",
                "lithium",
                "magento",
                "mako",
                "mediawiki",
                "modulework",
                "moodle",
                "phpbb",
                "piwik",
                "ppi",
                "puppet",
                "roundcube",
                "shopware",
                "silverstripe",
                "symfony",
                "typo3",
                "wordpress",
                "zend",
                "zikula"
            ],
            "time": "2016-04-13 19:46:30"
        },
        {
            "name": "errorstudio/rooftop-hosted-hooks",
            "version": "dev-development",
            "source": {
                "type": "git",
                "url": "git@bitbucket.org:errorstudio/rooftop-hosted-hooks.git",
                "reference": "5360d352b53eca0146dd558a0451fb96178da086"
            },
            "type": "wordpress-muplugin",
            "license": [
                "GPL-3.0"
            ],
            "authors": [
                {
                    "name": "Rooftop CMS",
                    "email": "hello@rooftopcms.com"
                }
            ],
            "description": "A place for the hosted Rooftop install to run its hooks and WP network events",
            "time": "2016-01-07 17:32:25"
        },
        {
            "name": "icanboogie/inflector",
            "version": "v1.3.3",
            "source": {
                "type": "git",
                "url": "https://github.com/ICanBoogie/Inflector.git",
                "reference": "953f6f9d0d6d27c972808f2a78a7899244450ac1"
            },
            "require": {
                "ext-mbstring": "*",
                "php": ">=5.3.4"
            },
            "type": "library",
            "autoload": {
                "classmap": [
                    "lib/"
                ],
                "files": [
                    "lib/helpers.php"
                ]
            },
            "license": [
                "BSD-3-Clause"
            ],
            "authors": [
                {
                    "name": "Olivier Laviale",
                    "email": "olivier.laviale@gmail.com",
                    "homepage": "http://www.weirdog.com/",
                    "role": "Developer"
                }
            ],
            "description": "Multilingual inflector that transforms words from singular to plural, underscore to camel case, and more.",
            "homepage": "http://icanboogie.org/",
            "keywords": [
                "camelize",
                "hyphenate",
                "inflect",
                "multilingual",
                "pluralize",
                "singularize",
                "underscore"
            ],
            "support": {
                "issues": "https://github.com/ICanBoogie/Inflector/issues",
                "source": "https://github.com/ICanBoogie/Inflector"
            },
            "time": "2015-08-18 20:13:36"
        },
        {
            "name": "johnpbloch/wordpress",
            "version": "4.4.3",
            "source": {
                "type": "git",
                "url": "https://github.com/johnpbloch/wordpress.git",
                "reference": "e0273619488dd1e082d5f380963f6f2aab7ecc66"
            },
            "dist": {
                "type": "zip",
                "url": "https://api.github.com/repos/johnpbloch/wordpress/zipball/e0273619488dd1e082d5f380963f6f2aab7ecc66",
                "reference": "e0273619488dd1e082d5f380963f6f2aab7ecc66",
                "shasum": ""
            },
            "require": {
                "johnpbloch/wordpress-core-installer": "~0.2",
                "php": ">=5.3.2"
            },
            "type": "wordpress-core",
            "notification-url": "https://packagist.org/downloads/",
            "license": [
                "GPL-2.0+"
            ],
            "authors": [
                {
                    "name": "WordPress Community",
                    "homepage": "http://wordpress.org/about/"
                }
            ],
            "description": "WordPress is web software you can use to create a beautiful website or blog.",
            "homepage": "http://wordpress.org/",
            "keywords": [
                "blog",
                "cms"
            ],
            "time": "2016-05-06 18:16:15"
        },
        {
            "name": "johnpbloch/wordpress-core-installer",
            "version": "0.2.1",
            "source": {
                "type": "git",
                "url": "https://github.com/johnpbloch/wordpress-core-installer.git",
                "reference": "a04c2c383ef13aae077f36799ed2eafdebd618d2"
            },
            "dist": {
                "type": "zip",
                "url": "https://api.github.com/repos/johnpbloch/wordpress-core-installer/zipball/a04c2c383ef13aae077f36799ed2eafdebd618d2",
                "reference": "a04c2c383ef13aae077f36799ed2eafdebd618d2",
                "shasum": ""
            },
            "require": {
                "composer-plugin-api": "^1.0"
            },
            "conflict": {
                "composer/installers": "<1.0.6"
            },
            "require-dev": {
                "composer/composer": "1.0.*@dev"
            },
            "type": "composer-plugin",
            "extra": {
                "class": "johnpbloch\\Composer\\WordPressCorePlugin"
            },
            "autoload": {
                "psr-0": {
                    "johnpbloch\\Composer\\": "src/"
                }
            },
            "notification-url": "https://packagist.org/downloads/",
            "license": [
                "GPL-2.0+"
            ],
            "authors": [
                {
                    "name": "John P. Bloch",
                    "email": "me@johnpbloch.com"
                }
            ],
            "description": "A custom installer to handle deploying WordPress with composer",
            "keywords": [
                "wordpress"
            ],
            "time": "2015-06-11 15:15:30"
        },
        {
            "name": "predis/predis",
            "version": "v1.0.3",
            "source": {
                "type": "git",
                "url": "https://github.com/nrk/predis.git",
                "reference": "84060b9034d756b4d79641667d7f9efe1aeb8e04"
            },
            "dist": {
                "type": "zip",
                "url": "https://api.github.com/repos/nrk/predis/zipball/84060b9034d756b4d79641667d7f9efe1aeb8e04",
                "reference": "84060b9034d756b4d79641667d7f9efe1aeb8e04",
                "shasum": ""
            },
            "require": {
                "php": ">=5.3.2"
            },
            "require-dev": {
                "phpunit/phpunit": "~4.0"
            },
            "suggest": {
                "ext-curl": "Allows access to Webdis when paired with phpiredis",
                "ext-phpiredis": "Allows faster serialization and deserialization of the Redis protocol"
            },
            "type": "library",
            "autoload": {
                "psr-4": {
                    "Predis\\": "src/"
                }
            },
            "notification-url": "https://packagist.org/downloads/",
            "license": [
                "MIT"
            ],
            "authors": [
                {
                    "name": "Daniele Alessandri",
                    "email": "suppakilla@gmail.com",
                    "homepage": "http://clorophilla.net"
                }
            ],
            "description": "Flexible and feature-complete PHP client library for Redis",
            "homepage": "http://github.com/nrk/predis",
            "keywords": [
                "nosql",
                "predis",
                "redis"
            ],
            "time": "2015-07-30 18:34:15"
        },
        {
            "name": "rooftopcms/rooftop-acf-exposer",
            "version": "dev-development",
            "source": {
                "type": "git",
                "url": "https://github.com/rooftopcms/rooftop-acf-exposer.git",
                "reference": "0d1282e6d046280354d1745d5fa75ae32849ffbf"
            },
            "require": {
                "wpackagist-plugin/advanced-custom-fields": "4.4.3"
            },
            "type": "wordpress-muplugin",
            "license": [
                "GPL-3.0"
            ],
            "authors": [
                {
                    "name": "Rooftop CMS",
                    "email": "hello@rooftopcms.com"
                }
            ],
            "description": "Include the ACF fields in a post response",
            "time": "2016-01-18 18:02:52"
        },
        {
            "name": "rooftopcms/rooftop-admin-theme",
            "version": "dev-preview_mode",
            "source": {
                "type": "git",
                "url": "https://github.com/rooftopcms/rooftop-admin-theme.git",
                "reference": "44c72e6c6b2143360d71d1403428bbea051b8690"
            },
            "type": "wordpress-muplugin",
            "license": [
                "GPL-3.0"
            ],
            "authors": [
                {
                    "name": "Rooftop CMS",
                    "email": "hello@rooftopcms.com"
                }
            ],
            "description": "Authenticates requests to the API",
            "time": "2016-05-11 16:05:51"
        },
        {
            "name": "rooftopcms/rooftop-api-authentication",
            "version": "dev-preview_mode",
            "source": {
                "type": "git",
                "url": "https://github.com/rooftopcms/rooftop-api-authentication.git",
                "reference": "bf01c4c370e66b029bf5ea7dd83f19ecf7f35257"
            },
            "require": {
                "rooftopcms/rooftop-preview-mode-admin": "dev-preview_mode",
                "wpackagist-plugin/posts-to-posts": "1.6.4"
            },
            "type": "wordpress-muplugin",
            "license": [
                "GPL-3.0"
            ],
            "authors": [
                {
                    "name": "Rooftop CMS",
                    "email": "hello@rooftopcms.com"
                }
            ],
            "description": "Authenticates requests to the API",
            "time": "2016-05-20 15:06:59"
        },
        {
            "name": "rooftopcms/rooftop-content-fields",
            "version": "dev-development",
            "source": {
                "type": "git",
                "url": "https://github.com/rooftopcms/rooftop-content-fields.git",
                "reference": "38f52d756ad88dfa17c256e71739991f05c01c26"
            },
            "type": "wordpress-muplugin",
            "license": [
                "GPL-3.0"
            ],
            "authors": [
                {
                    "name": "Rooftop CMS",
                    "email": "hello@rooftopcms.com"
                }
            ],
            "description": "Include the additional fields in a response",
            "time": "2015-12-27 23:00:28"
        },
        {
            "name": "rooftopcms/rooftop-content-hierarchy",
            "version": "dev-preview_mode",
            "source": {
                "type": "git",
                "url": "https://github.com/rooftopcms/rooftop-content-hierarchy.git",
                "reference": "78cb8278ca4b5882b48ed5c772260c555a8764f1"
            },
            "type": "wordpress-muplugin",
            "license": [
                "GPL-3.0"
            ],
            "authors": [
                {
                    "name": "Rooftop CMS",
                    "email": "hello@rooftopcms.com"
                }
            ],
            "description": "Include the content hierarchy for a given post in its JSON response",
            "time": "2016-05-23 13:35:36"
        },
        {
            "name": "rooftopcms/rooftop-content-settings",
            "version": "dev-development",
            "source": {
                "type": "git",
                "url": "https://github.com/rooftopcms/rooftop-content-settings.git",
                "reference": "b41ff7c7fea92a3c531d724160beb70c97fa2f9c"
            },
            "type": "wordpress-muplugin",
            "license": [
                "GPL-3.0"
            ],
            "authors": [
                {
                    "name": "Rooftop CMS",
                    "email": "hello@rooftopcms.com"
                }
            ],
            "description": "Change some site defaults and the example content when a sub-site is created",
            "time": "2016-01-20 22:39:15"
        },
        {
            "name": "rooftopcms/rooftop-custom-content-setup",
            "version": "dev-preview_mode",
            "source": {
                "type": "git",
                "url": "https://github.com/rooftopcms/rooftop-custom-content-setup.git",
                "reference": "652e4daa2285a0831b419f97aaef2e04f758877b"
            },
            "type": "wordpress-muplugin",
            "license": [
                "GPL-3.0"
            ],
            "authors": [
                {
                    "name": "Rooftop CMS",
                    "email": "hello@rooftopcms.com"
                }
            ],
            "description": "Add custom content types, taxonomies and page templates",
            "time": "2016-05-20 15:01:33"
        },
        {
            "name": "rooftopcms/rooftop-gravityforms-exposer",
            "version": "dev-development",
            "source": {
                "type": "git",
                "url": "https://github.com/rooftopcms/rooftop-gravityforms-exposer.git",
                "reference": "0d9852caf36e4ebe74120f8483cbf3bd97f15d30"
            },
            "type": "wordpress-muplugin",
            "license": [
                "GPL-3.0"
            ],
            "authors": [
                {
                    "name": "Rooftop CMS",
                    "email": "hello@rooftopcms.com"
                }
            ],
            "description": "Authenticates requests to the API",
            "time": "2015-12-16 09:52:31"
        },
        {
            "name": "rooftopcms/rooftop-preview-mode-admin",
            "version": "dev-preview_mode",
            "source": {
                "type": "git",
                "url": "https://github.com/rooftopcms/rooftop-preview-mode-admin.git",
                "reference": "fb69f34044a5d3c72215c76e0bd28a7a338b140b"
            },
            "type": "wordpress-muplugin",
            "license": [
                "GPL-3.0"
            ],
            "authors": [
                {
                    "name": "Rooftop CMS",
                    "email": "hello@rooftopcms.com"
                }
            ],
            "description": "Detect whether a client is making a request in preview mode and define a constant accordingly",
            "time": "2016-05-25 10:37:43"
        },
        {
            "name": "rooftopcms/rooftop-queue-pusher",
            "version": "dev-development",
            "source": {
                "type": "git",
                "url": "https://github.com/rooftopcms/rooftop-queue-pusher.git",
                "reference": "f141822c4d548dbf6aafd9b728fab030e9e64a70"
            },
            "require": {
                "chrisboulton/php-resque": "1.2.x",
                "chrisboulton/php-resque-scheduler": "1.1"
            },
            "type": "wordpress-muplugin",
            "license": [
                "GPL-3.0"
            ],
            "authors": [
                {
                    "name": "Rooftop CMS",
                    "email": "hello@rooftopcms.com"
                }
            ],
            "description": "Hook into WP post events to push events onto a queue",
            "time": "2016-03-01 17:09:46"
        },
        {
            "name": "rooftopcms/rooftop-response-headers",
            "version": "dev-development",
            "source": {
                "type": "git",
                "url": "https://github.com/rooftopcms/rooftop-response-headers.git",
                "reference": "f5e802e80f381bf90fb11b39d1bb57882b21b995"
            },
            "require": {
                "predis/predis": "~1.0.3"
            },
            "type": "wordpress-muplugin",
            "license": [
                "GPL-3.0"
            ],
            "authors": [
                {
                    "name": "Rooftop CMS",
                    "email": "hello@rooftopcms.com"
                }
            ],
            "description": "Send additional headers to API requests",
            "time": "2016-05-11 15:53:42"
        },
        {
            "name": "rooftopcms/rooftop-response-sanitiser",
            "version": "dev-preview_mode",
            "source": {
                "type": "git",
                "url": "https://github.com/rooftopcms/rooftop-response-sanitiser.git",
                "reference": "b19e82f44baee007a226af3001321ad0d10fd092"
            },
            "type": "wordpress-muplugin",
            "license": [
                "GPL-3.0"
            ],
            "authors": [
                {
                    "name": "Rooftop CMS",
                    "email": "hello@rooftopcms.com"
                }
            ],
            "description": "The awesome WP-API includes some things in its response that we would rather handle in the client.\nFor example, we remove content['rendered'] and replace with content['json'] with links replaced with shortcodes.",
            "time": "2016-05-11 15:56:10"
        },
        {
            "name": "rooftopcms/rooftop-s3-upload-setup",
            "version": "dev-development",
            "source": {
                "type": "git",
                "url": "https://github.com/rooftopcms/rooftop-s3-upload-setup.git",
                "reference": "bf97a0b1b0847a348c576f845737c92708e758cd"
            },
            "require": {
                "wpackagist-plugin/amazon-s3-and-cloudfront": "0.9.6"
            },
            "type": "wordpress-muplugin",
            "license": [
                "GPL-3.0"
            ],
            "authors": [
                {
                    "name": "Rooftop CMS",
                    "email": "hello@rooftopcms.com"
                }
            ],
            "description": "Allows sites in a network to define their own S3 credentials",
            "time": "2016-01-07 15:59:19"
        },
        {
            "name": "rooftopcms/rooftop-webhooks-admin",
            "version": "dev-development",
            "source": {
                "type": "git",
                "url": "https://github.com/rooftopcms/rooftop-webhooks-admin.git",
                "reference": "0b27cab2ac038b8b54d23e6375c071cf0ecfa0d0"
            },
            "type": "wordpress-muplugin",
            "license": [
                "GPL-3.0"
            ],
            "authors": [
                {
                    "name": "Error",
                    "email": "hello@rooftopcms.com"
                }
            ],
            "description": "Configure the webhook URI's",
            "time": "2016-03-01 17:09:14"
        },
        {
            "name": "vlucas/phpdotenv",
            "version": "v2.2.1",
            "source": {
                "type": "git",
                "url": "https://github.com/vlucas/phpdotenv.git",
                "reference": "63f37b9395e8041cd4313129c08ece896d06ca8e"
            },
            "dist": {
                "type": "zip",
                "url": "https://api.github.com/repos/vlucas/phpdotenv/zipball/63f37b9395e8041cd4313129c08ece896d06ca8e",
                "reference": "63f37b9395e8041cd4313129c08ece896d06ca8e",
                "shasum": ""
            },
            "require": {
                "php": ">=5.3.9"
            },
            "require-dev": {
                "phpunit/phpunit": "^4.8 || ^5.0"
            },
            "type": "library",
            "extra": {
                "branch-alias": {
                    "dev-master": "2.2-dev"
                }
            },
            "autoload": {
                "psr-4": {
                    "Dotenv\\": "src/"
                }
            },
            "notification-url": "https://packagist.org/downloads/",
            "license": [
                "BSD-3-Clause-Attribution"
            ],
            "authors": [
                {
                    "name": "Vance Lucas",
                    "email": "vance@vancelucas.com",
                    "homepage": "http://www.vancelucas.com"
                }
            ],
            "description": "Loads environment variables from `.env` to `getenv()`, `$_ENV` and `$_SERVER` automagically.",
            "keywords": [
                "dotenv",
                "env",
                "environment"
            ],
            "time": "2016-04-15 10:48:49"
        },
        {
            "name": "wpackagist-plugin/advanced-custom-fields",
            "version": "4.4.3",
            "source": {
                "type": "svn",
                "url": "http://plugins.svn.wordpress.org/advanced-custom-fields/",
                "reference": "tags/4.4.3"
            },
            "dist": {
                "type": "zip",
                "url": "https://downloads.wordpress.org/plugin/advanced-custom-fields.4.4.3.zip",
                "reference": null,
                "shasum": null
            },
            "require": {
                "composer/installers": "~1.0"
            },
            "type": "wordpress-plugin",
            "homepage": "https://wordpress.org/plugins/advanced-custom-fields/"
        },
        {
            "name": "wpackagist-plugin/amazon-s3-and-cloudfront",
            "version": "0.9.6",
            "source": {
                "type": "svn",
                "url": "http://plugins.svn.wordpress.org/amazon-s3-and-cloudfront/",
                "reference": "tags/0.9.6"
            },
            "dist": {
                "type": "zip",
                "url": "https://downloads.wordpress.org/plugin/amazon-s3-and-cloudfront.0.9.6.zip",
                "reference": null,
                "shasum": null
            },
            "require": {
                "composer/installers": "~1.0"
            },
            "type": "wordpress-plugin",
            "homepage": "https://wordpress.org/plugins/amazon-s3-and-cloudfront/"
        },
        {
            "name": "wpackagist-plugin/amazon-web-services",
            "version": "0.3.4",
            "source": {
                "type": "svn",
                "url": "http://plugins.svn.wordpress.org/amazon-web-services/",
                "reference": "trunk"
            },
            "dist": {
                "type": "zip",
                "url": "https://downloads.wordpress.org/plugin/amazon-web-services.zip",
                "reference": null,
                "shasum": null
            },
            "require": {
                "composer/installers": "~1.0"
            },
            "type": "wordpress-plugin",
            "homepage": "https://wordpress.org/plugins/amazon-web-services/"
        },
        {
            "name": "wpackagist-plugin/posts-to-posts",
            "version": "1.6.4",
            "source": {
                "type": "svn",
                "url": "http://plugins.svn.wordpress.org/posts-to-posts/",
                "reference": "tags/1.6.4"
            },
            "dist": {
                "type": "zip",
                "url": "https://downloads.wordpress.org/plugin/posts-to-posts.1.6.4.zip",
                "reference": null,
                "shasum": null
            },
            "require": {
                "composer/installers": "~1.0"
            },
            "type": "wordpress-plugin",
            "homepage": "https://wordpress.org/plugins/posts-to-posts/"
        },
        {
            "name": "wpackagist-plugin/rest-api",
            "version": "2.0-beta9",
            "source": {
                "type": "svn",
                "url": "http://plugins.svn.wordpress.org/rest-api/",
                "reference": "tags/2.0-beta9"
            },
            "dist": {
                "type": "zip",
                "url": "https://downloads.wordpress.org/plugin/rest-api.2.0-beta9.zip",
                "reference": null,
                "shasum": null
            },
            "require": {
                "composer/installers": "~1.0"
            },
            "type": "wordpress-plugin",
            "homepage": "https://wordpress.org/plugins/rest-api/"
        },
        {
            "name": "wpackagist-plugin/wp-api-menus",
            "version": "1.2.0",
            "source": {
                "type": "svn",
                "url": "http://plugins.svn.wordpress.org/wp-api-menus/",
                "reference": "tags/1.2.0"
            },
            "dist": {
                "type": "zip",
                "url": "https://downloads.wordpress.org/plugin/wp-api-menus.1.2.0.zip",
                "reference": null,
                "shasum": null
            },
            "require": {
                "composer/installers": "~1.0"
            },
            "type": "wordpress-plugin",
            "homepage": "https://wordpress.org/plugins/wp-api-menus/"
        }
    ],
    "packages-dev": [],
    "aliases": [],
    "minimum-stability": "stable",
    "stability-flags": {
        "wpackagist-plugin/rest-api": 10,
        "rooftopcms/rooftop-preview-mode-admin": 20,
        "rooftopcms/rooftop-api-authentication": 20,
        "rooftopcms/rooftop-admin-theme": 20,
        "rooftopcms/rooftop-response-sanitiser": 20,
        "rooftopcms/rooftop-gravityforms-exposer": 20,
        "rooftopcms/rooftop-webhooks-admin": 20,
        "rooftopcms/rooftop-acf-exposer": 20,
        "rooftopcms/rooftop-content-hierarchy": 20,
        "rooftopcms/rooftop-content-fields": 20,
        "rooftopcms/rooftop-custom-content-setup": 20,
        "rooftopcms/rooftop-content-settings": 20,
        "rooftopcms/rooftop-response-headers": 20,
        "rooftopcms/rooftop-queue-pusher": 20,
        "rooftopcms/rooftop-s3-upload-setup": 20,
        "errorstudio/rooftop-hosted-hooks": 20
    },
    "prefer-stable": false,
    "prefer-lowest": false,
    "platform": {
        "php": ">=5.4"
    },
    "platform-dev": []
}
